// !$*UTF8*$!
{
	archiveVersion = 1;
	classes = {
	};
	objectVersion = 56;
	objects = {

/* Begin PBXBuildFile section */
		DA7817AB2990AF950012D47A /* AppDelegate.swift in Sources */ = {isa = PBXBuildFile; fileRef = DA7817AA2990AF950012D47A /* AppDelegate.swift */; };
		DA7817AD2990AF950012D47A /* SceneDelegate.swift in Sources */ = {isa = PBXBuildFile; fileRef = DA7817AC2990AF950012D47A /* SceneDelegate.swift */; };
		DA7817AF2990AF950012D47A /* ViewController.swift in Sources */ = {isa = PBXBuildFile; fileRef = DA7817AE2990AF950012D47A /* ViewController.swift */; };
		DA7817B22990AF950012D47A /* Main.storyboard in Resources */ = {isa = PBXBuildFile; fileRef = DA7817B02990AF950012D47A /* Main.storyboard */; };
		DA7817B42990AF960012D47A /* Assets.xcassets in Resources */ = {isa = PBXBuildFile; fileRef = DA7817B32990AF960012D47A /* Assets.xcassets */; };
		DA7817B72990AF960012D47A /* LaunchScreen.storyboard in Resources */ = {isa = PBXBuildFile; fileRef = DA7817B52990AF960012D47A /* LaunchScreen.storyboard */; };
		DA7817C22990AF970012D47A /* ClockApp2Tests.swift in Sources */ = {isa = PBXBuildFile; fileRef = DA7817C12990AF970012D47A /* ClockApp2Tests.swift */; };
		DA7817CC2990AF970012D47A /* ClockApp2UITests.swift in Sources */ = {isa = PBXBuildFile; fileRef = DA7817CB2990AF970012D47A /* ClockApp2UITests.swift */; };
		DA7817CE2990AF970012D47A /* ClockApp2UITestsLaunchTests.swift in Sources */ = {isa = PBXBuildFile; fileRef = DA7817CD2990AF970012D47A /* ClockApp2UITestsLaunchTests.swift */; };
/* End PBXBuildFile section */

/* Begin PBXContainerItemProxy section */
		DA7817BE2990AF970012D47A /* PBXContainerItemProxy */ = {
			isa = PBXContainerItemProxy;
			containerPortal = DA78179F2990AF940012D47A /* Project object */;
			proxyType = 1;
			remoteGlobalIDString = DA7817A62990AF950012D47A;
			remoteInfo = ClockApp2;
		};
		DA7817C82990AF970012D47A /* PBXContainerItemProxy */ = {
			isa = PBXContainerItemProxy;
			containerPortal = DA78179F2990AF940012D47A /* Project object */;
			proxyType = 1;
			remoteGlobalIDString = DA7817A62990AF950012D47A;
			remoteInfo = ClockApp2;
		};
/* End PBXContainerItemProxy section */

/* Begin PBXFileReference section */
		DA7817A72990AF950012D47A /* ClockApp2.app */ = {isa = PBXFileReference; explicitFileType = wrapper.application; includeInIndex = 0; path = ClockApp2.app; sourceTree = BUILT_PRODUCTS_DIR; };
		DA7817AA2990AF950012D47A /* AppDelegate.swift */ = {isa = PBXFileReference; lastKnownFileType = sourcecode.swift; path = AppDelegate.swift; sourceTree = "<group>"; };
		DA7817AC2990AF950012D47A /* SceneDelegate.swift */ = {isa = PBXFileReference; lastKnownFileType = sourcecode.swift; path = SceneDelegate.swift; sourceTree = "<group>"; };
		DA7817AE2990AF950012D47A /* ViewController.swift */ = {isa = PBXFileReference; lastKnownFileType = sourcecode.swift; path = ViewController.swift; sourceTree = "<group>"; };
		DA7817B12990AF950012D47A /* Base */ = {isa = PBXFileReference; lastKnownFileType = file.storyboard; name = Base; path = Base.lproj/Main.storyboard; sourceTree = "<group>"; };
		DA7817B32990AF960012D47A /* Assets.xcassets */ = {isa = PBXFileReference; lastKnownFileType = folder.assetcatalog; path = Assets.xcassets; sourceTree = "<group>"; };
		DA7817B62990AF960012D47A /* Base */ = {isa = PBXFileReference; lastKnownFileType = file.storyboard; name = Base; path = Base.lproj/LaunchScreen.storyboard; sourceTree = "<group>"; };
		DA7817B82990AF960012D47A /* Info.plist */ = {isa = PBXFileReference; lastKnownFileType = text.plist.xml; path = Info.plist; sourceTree = "<group>"; };
		DA7817BD2990AF970012D47A /* ClockApp2Tests.xctest */ = {isa = PBXFileReference; explicitFileType = wrapper.cfbundle; includeInIndex = 0; path = ClockApp2Tests.xctest; sourceTree = BUILT_PRODUCTS_DIR; };
		DA7817C12990AF970012D47A /* ClockApp2Tests.swift */ = {isa = PBXFileReference; lastKnownFileType = sourcecode.swift; path = ClockApp2Tests.swift; sourceTree = "<group>"; };
		DA7817C72990AF970012D47A /* ClockApp2UITests.xctest */ = {isa = PBXFileReference; explicitFileType = wrapper.cfbundle; includeInIndex = 0; path = ClockApp2UITests.xctest; sourceTree = BUILT_PRODUCTS_DIR; };
		DA7817CB2990AF970012D47A /* ClockApp2UITests.swift */ = {isa = PBXFileReference; lastKnownFileType = sourcecode.swift; path = ClockApp2UITests.swift; sourceTree = "<group>"; };
		DA7817CD2990AF970012D47A /* ClockApp2UITestsLaunchTests.swift */ = {isa = PBXFileReference; lastKnownFileType = sourcecode.swift; path = ClockApp2UITestsLaunchTests.swift; sourceTree = "<group>"; };
/* End PBXFileReference section */

/* Begin PBXFrameworksBuildPhase section */
		DA7817A42990AF950012D47A /* Frameworks */ = {
			isa = PBXFrameworksBuildPhase;
			buildActionMask = 2147483647;
			files = (
			);
			runOnlyForDeploymentPostprocessing = 0;
		};
		DA7817BA2990AF970012D47A /* Frameworks */ = {
			isa = PBXFrameworksBuildPhase;
			buildActionMask = 2147483647;
			files = (
			);
			runOnlyForDeploymentPostprocessing = 0;
		};
		DA7817C42990AF970012D47A /* Frameworks */ = {
			isa = PBXFrameworksBuildPhase;
			buildActionMask = 2147483647;
			files = (
			);
			runOnlyForDeploymentPostprocessing = 0;
		};
/* End PBXFrameworksBuildPhase section */

/* Begin PBXGroup section */
		DA78179E2990AF940012D47A = {
			isa = PBXGroup;
			children = (
				DA7817A92990AF950012D47A /* ClockApp2 */,
				DA7817C02990AF970012D47A /* ClockApp2Tests */,
				DA7817CA2990AF970012D47A /* ClockApp2UITests */,
				DA7817A82990AF950012D47A /* Products */,
			);
			sourceTree = "<group>";
		};
		DA7817A82990AF950012D47A /* Products */ = {
			isa = PBXGroup;
			children = (
				DA7817A72990AF950012D47A /* ClockApp2.app */,
				DA7817BD2990AF970012D47A /* ClockApp2Tests.xctest */,
				DA7817C72990AF970012D47A /* ClockApp2UITests.xctest */,
			);
			name = Products;
			sourceTree = "<group>";
		};
		DA7817A92990AF950012D47A /* ClockApp2 */ = {
			isa = PBXGroup;
			children = (
				DA7817AA2990AF950012D47A /* AppDelegate.swift */,
				DA7817AC2990AF950012D47A /* SceneDelegate.swift */,
				DA7817AE2990AF950012D47A /* ViewController.swift */,
				DA7817B02990AF950012D47A /* Main.storyboard */,
				DA7817B32990AF960012D47A /* Assets.xcassets */,
				DA7817B52990AF960012D47A /* LaunchScreen.storyboard */,
				DA7817B82990AF960012D47A /* Info.plist */,
			);
			path = ClockApp2;
			sourceTree = "<group>";
		};
		DA7817C02990AF970012D47A /* ClockApp2Tests */ = {
			isa = PBXGroup;
			children = (
				DA7817C12990AF970012D47A /* ClockApp2Tests.swift */,
			);
			path = ClockApp2Tests;
			sourceTree = "<group>";
		};
		DA7817CA2990AF970012D47A /* ClockApp2UITests */ = {
			isa = PBXGroup;
			children = (
				DA7817CB2990AF970012D47A /* ClockApp2UITests.swift */,
				DA7817CD2990AF970012D47A /* ClockApp2UITestsLaunchTests.swift */,
			);
			path = ClockApp2UITests;
			sourceTree = "<group>";
		};
/* End PBXGroup section */

/* Begin PBXNativeTarget section */
		DA7817A62990AF950012D47A /* ClockApp2 */ = {
			isa = PBXNativeTarget;
			buildConfigurationList = DA7817D12990AF970012D47A /* Build configuration list for PBXNativeTarget "ClockApp2" */;
			buildPhases = (
				DA7817A32990AF950012D47A /* Sources */,
				DA7817A42990AF950012D47A /* Frameworks */,
				DA7817A52990AF950012D47A /* Resources */,
			);
			buildRules = (
			);
			dependencies = (
			);
			name = ClockApp2;
			productName = ClockApp2;
			productReference = DA7817A72990AF950012D47A /* ClockApp2.app */;
			productType = "com.apple.product-type.application";
		};
		DA7817BC2990AF970012D47A /* ClockApp2Tests */ = {
			isa = PBXNativeTarget;
			buildConfigurationList = DA7817D42990AF970012D47A /* Build configuration list for PBXNativeTarget "ClockApp2Tests" */;
			buildPhases = (
				DA7817B92990AF970012D47A /* Sources */,
				DA7817BA2990AF970012D47A /* Frameworks */,
				DA7817BB2990AF970012D47A /* Resources */,
			);
			buildRules = (
			);
			dependencies = (
				DA7817BF2990AF970012D47A /* PBXTargetDependency */,
			);
			name = ClockApp2Tests;
			productName = ClockApp2Tests;
			productReference = DA7817BD2990AF970012D47A /* ClockApp2Tests.xctest */;
			productType = "com.apple.product-type.bundle.unit-test";
		};
		DA7817C62990AF970012D47A /* ClockApp2UITests */ = {
			isa = PBXNativeTarget;
			buildConfigurationList = DA7817D72990AF970012D47A /* Build configuration list for PBXNativeTarget "ClockApp2UITests" */;
			buildPhases = (
				DA7817C32990AF970012D47A /* Sources */,
				DA7817C42990AF970012D47A /* Frameworks */,
				DA7817C52990AF970012D47A /* Resources */,
			);
			buildRules = (
			);
			dependencies = (
				DA7817C92990AF970012D47A /* PBXTargetDependency */,
			);
			name = ClockApp2UITests;
			productName = ClockApp2UITests;
			productReference = DA7817C72990AF970012D47A /* ClockApp2UITests.xctest */;
			productType = "com.apple.product-type.bundle.ui-testing";
		};
/* End PBXNativeTarget section */

/* Begin PBXProject section */
		DA78179F2990AF940012D47A /* Project object */ = {
			isa = PBXProject;
			attributes = {
				BuildIndependentTargetsInParallel = 1;
				LastSwiftUpdateCheck = 1420;
				LastUpgradeCheck = 1420;
				TargetAttributes = {
					DA7817A62990AF950012D47A = {
						CreatedOnToolsVersion = 14.2;
					};
					DA7817BC2990AF970012D47A = {
						CreatedOnToolsVersion = 14.2;
						TestTargetID = DA7817A62990AF950012D47A;
					};
					DA7817C62990AF970012D47A = {
						CreatedOnToolsVersion = 14.2;
						TestTargetID = DA7817A62990AF950012D47A;
					};
				};
			};
			buildConfigurationList = DA7817A22990AF940012D47A /* Build configuration list for PBXProject "ClockApp2" */;
			compatibilityVersion = "Xcode 14.0";
			developmentRegion = en;
			hasScannedForEncodings = 0;
			knownRegions = (
				en,
				Base,
			);
			mainGroup = DA78179E2990AF940012D47A;
			productRefGroup = DA7817A82990AF950012D47A /* Products */;
			projectDirPath = "";
			projectRoot = "";
			targets = (
				DA7817A62990AF950012D47A /* ClockApp2 */,
				DA7817BC2990AF970012D47A /* ClockApp2Tests */,
				DA7817C62990AF970012D47A /* ClockApp2UITests */,
			);
		};
/* End PBXProject section */

/* Begin PBXResourcesBuildPhase section */
		DA7817A52990AF950012D47A /* Resources */ = {
			isa = PBXResourcesBuildPhase;
			buildActionMask = 2147483647;
			files = (
				DA7817B72990AF960012D47A /* LaunchScreen.storyboard in Resources */,
				DA7817B42990AF960012D47A /* Assets.xcassets in Resources */,
				DA7817B22990AF950012D47A /* Main.storyboard in Resources */,
			);
			runOnlyForDeploymentPostprocessing = 0;
		};
		DA7817BB2990AF970012D47A /* Resources */ = {
			isa = PBXResourcesBuildPhase;
			buildActionMask = 2147483647;
			files = (
			);
			runOnlyForDeploymentPostprocessing = 0;
		};
		DA7817C52990AF970012D47A /* Resources */ = {
			isa = PBXResourcesBuildPhase;
			buildActionMask = 2147483647;
			files = (
			);
			runOnlyForDeploymentPostprocessing = 0;
		};
/* End PBXResourcesBuildPhase section */

/* Begin PBXSourcesBuildPhase section */
		DA7817A32990AF950012D47A /* Sources */ = {
			isa = PBXSourcesBuildPhase;
			buildActionMask = 2147483647;
			files = (
				DA7817AF2990AF950012D47A /* ViewController.swift in Sources */,
				DA7817AB2990AF950012D47A /* AppDelegate.swift in Sources */,
				DA7817AD2990AF950012D47A /* SceneDelegate.swift in Sources */,
			);
			runOnlyForDeploymentPostprocessing = 0;
		};
		DA7817B92990AF970012D47A /* Sources */ = {
			isa = PBXSourcesBuildPhase;
			buildActionMask = 2147483647;
			files = (
				DA7817C22990AF970012D47A /* ClockApp2Tests.swift in Sources */,
			);
			runOnlyForDeploymentPostprocessing = 0;
		};
		DA7817C32990AF970012D47A /* Sources */ = {
			isa = PBXSourcesBuildPhase;
			buildActionMask = 2147483647;
			files = (
				DA7817CE2990AF970012D47A /* ClockApp2UITestsLaunchTests.swift in Sources */,
				DA7817CC2990AF970012D47A /* ClockApp2UITests.swift in Sources */,
			);
			runOnlyForDeploymentPostprocessing = 0;
		};
/* End PBXSourcesBuildPhase section */

/* Begin PBXTargetDependency section */
		DA7817BF2990AF970012D47A /* PBXTargetDependency */ = {
			isa = PBXTargetDependency;
			target = DA7817A62990AF950012D47A /* ClockApp2 */;
			targetProxy = DA7817BE2990AF970012D47A /* PBXContainerItemProxy */;
		};
		DA7817C92990AF970012D47A /* PBXTargetDependency */ = {
			isa = PBXTargetDependency;
			target = DA7817A62990AF950012D47A /* ClockApp2 */;
			targetProxy = DA7817C82990AF970012D47A /* PBXContainerItemProxy */;
		};
/* End PBXTargetDependency section */

/* Begin PBXVariantGroup section */
		DA7817B02990AF950012D47A /* Main.storyboard */ = {
			isa = PBXVariantGroup;
			children = (
				DA7817B12990AF950012D47A /* Base */,
			);
			name = Main.storyboard;
			sourceTree = "<group>";
		};
		DA7817B52990AF960012D47A /* LaunchScreen.storyboard */ = {
			isa = PBXVariantGroup;
			children = (
				DA7817B62990AF960012D47A /* Base */,
			);
			name = LaunchScreen.storyboard;
			sourceTree = "<group>";
		};
/* End PBXVariantGroup section */

/* Begin XCBuildConfiguration section */
		DA7817CF2990AF970012D47A /* Debug */ = {
			isa = XCBuildConfiguration;
			buildSettings = {
				ALWAYS_SEARCH_USER_PATHS = NO;
				CLANG_ANALYZER_NONNULL = YES;
				CLANG_ANALYZER_NUMBER_OBJECT_CONVERSION = YES_AGGRESSIVE;
				CLANG_CXX_LANGUAGE_STANDARD = "gnu++20";
				CLANG_ENABLE_MODULES = YES;
				CLANG_ENABLE_OBJC_ARC = YES;
				CLANG_ENABLE_OBJC_WEAK = YES;
				CLANG_WARN_BLOCK_CAPTURE_AUTORELEASING = YES;
				CLANG_WARN_BOOL_CONVERSION = YES;
				CLANG_WARN_COMMA = YES;
				CLANG_WARN_CONSTANT_CONVERSION = YES;
				CLANG_WARN_DEPRECATED_OBJC_IMPLEMENTATIONS = YES;
				CLANG_WARN_DIRECT_OBJC_ISA_USAGE = YES_ERROR;
				CLANG_WARN_DOCUMENTATION_COMMENTS = YES;
				CLANG_WARN_EMPTY_BODY = YES;
				CLANG_WARN_ENUM_CONVERSION = YES;
				CLANG_WARN_INFINITE_RECURSION = YES;
				CLANG_WARN_INT_CONVERSION = YES;
				CLANG_WARN_NON_LITERAL_NULL_CONVERSION = YES;
				CLANG_WARN_OBJC_IMPLICIT_RETAIN_SELF = YES;
				CLANG_WARN_OBJC_LITERAL_CONVERSION = YES;
				CLANG_WARN_OBJC_ROOT_CLASS = YES_ERROR;
				CLANG_WARN_QUOTED_INCLUDE_IN_FRAMEWORK_HEADER = YES;
				CLANG_WARN_RANGE_LOOP_ANALYSIS = YES;
				CLANG_WARN_STRICT_PROTOTYPES = YES;
				CLANG_WARN_SUSPICIOUS_MOVE = YES;
				CLANG_WARN_UNGUARDED_AVAILABILITY = YES_AGGRESSIVE;
				CLANG_WARN_UNREACHABLE_CODE = YES;
				CLANG_WARN__DUPLICATE_METHOD_MATCH = YES;
				COPY_PHASE_STRIP = NO;
				DEBUG_INFORMATION_FORMAT = dwarf;
				ENABLE_STRICT_OBJC_MSGSEND = YES;
				ENABLE_TESTABILITY = YES;
				GCC_C_LANGUAGE_STANDARD = gnu11;
				GCC_DYNAMIC_NO_PIC = NO;
				GCC_NO_COMMON_BLOCKS = YES;
				GCC_OPTIMIZATION_LEVEL = 0;
				GCC_PREPROCESSOR_DEFINITIONS = (
					"DEBUG=1",
					"$(inherited)",
				);
				GCC_WARN_64_TO_32_BIT_CONVERSION = YES;
				GCC_WARN_ABOUT_RETURN_TYPE = YES_ERROR;
				GCC_WARN_UNDECLARED_SELECTOR = YES;
				GCC_WARN_UNINITIALIZED_AUTOS = YES_AGGRESSIVE;
				GCC_WARN_UNUSED_FUNCTION = YES;
				GCC_WARN_UNUSED_VARIABLE = YES;
				IPHONEOS_DEPLOYMENT_TARGET = 16.2;
				MTL_ENABLE_DEBUG_INFO = INCLUDE_SOURCE;
				MTL_FAST_MATH = YES;
				ONLY_ACTIVE_ARCH = YES;
				SDKROOT = iphoneos;
				SWIFT_ACTIVE_COMPILATION_CONDITIONS = DEBUG;
				SWIFT_OPTIMIZATION_LEVEL = "-Onone";
			};
			name = Debug;
		};
		DA7817D02990AF970012D47A /* Release */ = {
			isa = XCBuildConfiguration;
			buildSettings = {
				ALWAYS_SEARCH_USER_PATHS = NO;
				CLANG_ANALYZER_NONNULL = YES;
				CLANG_ANALYZER_NUMBER_OBJECT_CONVERSION = YES_AGGRESSIVE;
				CLANG_CXX_LANGUAGE_STANDARD = "gnu++20";
				CLANG_ENABLE_MODULES = YES;
				CLANG_ENABLE_OBJC_ARC = YES;
				CLANG_ENABLE_OBJC_WEAK = YES;
				CLANG_WARN_BLOCK_CAPTURE_AUTORELEASING = YES;
				CLANG_WARN_BOOL_CONVERSION = YES;
				CLANG_WARN_COMMA = YES;
				CLANG_WARN_CONSTANT_CONVERSION = YES;
				CLANG_WARN_DEPRECATED_OBJC_IMPLEMENTATIONS = YES;
				CLANG_WARN_DIRECT_OBJC_ISA_USAGE = YES_ERROR;
				CLANG_WARN_DOCUMENTATION_COMMENTS = YES;
				CLANG_WARN_EMPTY_BODY = YES;
				CLANG_WARN_ENUM_CONVERSION = YES;
				CLANG_WARN_INFINITE_RECURSION = YES;
				CLANG_WARN_INT_CONVERSION = YES;
				CLANG_WARN_NON_LITERAL_NULL_CONVERSION = YES;
				CLANG_WARN_OBJC_IMPLICIT_RETAIN_SELF = YES;
				CLANG_WARN_OBJC_LITERAL_CONVERSION = YES;
				CLANG_WARN_OBJC_ROOT_CLASS = YES_ERROR;
				CLANG_WARN_QUOTED_INCLUDE_IN_FRAMEWORK_HEADER = YES;
				CLANG_WARN_RANGE_LOOP_ANALYSIS = YES;
				CLANG_WARN_STRICT_PROTOTYPES = YES;
				CLANG_WARN_SUSPICIOUS_MOVE = YES;
				CLANG_WARN_UNGUARDED_AVAILABILITY = YES_AGGRESSIVE;
				CLANG_WARN_UNREACHABLE_CODE = YES;
				CLANG_WARN__DUPLICATE_METHOD_MATCH = YES;
				COPY_PHASE_STRIP = NO;
				DEBUG_INFORMATION_FORMAT = "dwarf-with-dsym";
				ENABLE_NS_ASSERTIONS = NO;
				ENABLE_STRICT_OBJC_MSGSEND = YES;
				GCC_C_LANGUAGE_STANDARD = gnu11;
				GCC_NO_COMMON_BLOCKS = YES;
				GCC_WARN_64_TO_32_BIT_CONVERSION = YES;
				GCC_WARN_ABOUT_RETURN_TYPE = YES_ERROR;
				GCC_WARN_UNDECLARED_SELECTOR = YES;
				GCC_WARN_UNINITIALIZED_AUTOS = YES_AGGRESSIVE;
				GCC_WARN_UNUSED_FUNCTION = YES;
				GCC_WARN_UNUSED_VARIABLE = YES;
				IPHONEOS_DEPLOYMENT_TARGET = 16.2;
				MTL_ENABLE_DEBUG_INFO = NO;
				MTL_FAST_MATH = YES;
				SDKROOT = iphoneos;
				SWIFT_COMPILATION_MODE = wholemodule;
				SWIFT_OPTIMIZATION_LEVEL = "-O";
				VALIDATE_PRODUCT = YES;
			};
			name = Release;
		};
		DA7817D22990AF970012D47A /* Debug */ = {
			isa = XCBuildConfiguration;
			buildSettings = {
				ASSETCATALOG_COMPILER_APPICON_NAME = AppIcon;
				ASSETCATALOG_COMPILER_GLOBAL_ACCENT_COLOR_NAME = AccentColor;
				CODE_SIGN_STYLE = Automatic;
				CURRENT_PROJECT_VERSION = 1;
				GENERATE_INFOPLIST_FILE = YES;
				INFOPLIST_FILE = ClockApp2/Info.plist;
				INFOPLIST_KEY_UIApplicationSupportsIndirectInputEvents = YES;
				INFOPLIST_KEY_UILaunchStoryboardName = LaunchScreen;
				INFOPLIST_KEY_UIMainStoryboardFile = Main;
				INFOPLIST_KEY_UISupportedInterfaceOrientations_iPad = "UIInterfaceOrientationPortrait UIInterfaceOrientationPortraitUpsideDown UIInterfaceOrientationLandscapeLeft UIInterfaceOrientationLandscapeRight";
				INFOPLIST_KEY_UISupportedInterfaceOrientations_iPhone = "UIInterfaceOrientationPortrait UIInterfaceOrientationLandscapeLeft UIInterfaceOrientationLandscapeRight";
				LD_RUNPATH_SEARCH_PATHS = (
					"$(inherited)",
					"@executable_path/Frameworks",
				);
				MARKETING_VERSION = 1.0;
				PRODUCT_BUNDLE_IDENTIFIER = nicole.ClockApp2;
				PRODUCT_NAME = "$(TARGET_NAME)";
				SWIFT_EMIT_LOC_STRINGS = YES;
				SWIFT_VERSION = 5.0;
				TARGETED_DEVICE_FAMILY = "1,2";
			};
			name = Debug;
		};
		DA7817D32990AF970012D47A /* Release */ = {
			isa = XCBuildConfiguration;
			buildSettings = {
				ASSETCATALOG_COMPILER_APPICON_NAME = AppIcon;
				ASSETCATALOG_COMPILER_GLOBAL_ACCENT_COLOR_NAME = AccentColor;
				CODE_SIGN_STYLE = Automatic;
				CURRENT_PROJECT_VERSION = 1;
				GENERATE_INFOPLIST_FILE = YES;
				INFOPLIST_FILE = ClockApp2/Info.plist;
				INFOPLIST_KEY_UIApplicationSupportsIndirectInputEvents = YES;
				INFOPLIST_KEY_UILaunchStoryboardName = LaunchScreen;
				INFOPLIST_KEY_UIMainStoryboardFile = Main;
				INFOPLIST_KEY_UISupportedInterfaceOrientations_iPad = "UIInterfaceOrientationPortrait UIInterfaceOrientationPortraitUpsideDown UIInterfaceOrientationLandscapeLeft UIInterfaceOrientationLandscapeRight";
				INFOPLIST_KEY_UISupportedInterfaceOrientations_iPhone = "UIInterfaceOrientationPortrait UIInterfaceOrientationLandscapeLeft UIInterfaceOrientationLandscapeRight";
				LD_RUNPATH_SEARCH_PATHS = (
					"$(inherited)",
					"@executable_path/Frameworks",
				);
				MARKETING_VERSION = 1.0;
				PRODUCT_BUNDLE_IDENTIFIER = nicole.ClockApp2;
				PRODUCT_NAME = "$(TARGET_NAME)";
				SWIFT_EMIT_LOC_STRINGS = YES;
				SWIFT_VERSION = 5.0;
				TARGETED_DEVICE_FAMILY = "1,2";
			};
			name = Release;
		};
		DA7817D52990AF970012D47A /* Debug */ = {
			isa = XCBuildConfiguration;
			buildSettings = {
				ALWAYS_EMBED_SWIFT_STANDARD_LIBRARIES = YES;
				BUNDLE_LOADER = "$(TEST_HOST)";
				CODE_SIGN_STYLE = Automatic;
				CURRENT_PROJECT_VERSION = 1;
				GENERATE_INFOPLIST_FILE = YES;
				IPHONEOS_DEPLOYMENT_TARGET = 16.2;
				MARKETING_VERSION = 1.0;
				PRODUCT_BUNDLE_IDENTIFIER = nicole.ClockApp2Tests;
				PRODUCT_NAME = "$(TARGET_NAME)";
				SWIFT_EMIT_LOC_STRINGS = NO;
				SWIFT_VERSION = 5.0;
				TARGETED_DEVICE_FAMILY = "1,2";
				TEST_HOST = "$(BUILT_PRODUCTS_DIR)/ClockApp2.app/$(BUNDLE_EXECUTABLE_FOLDER_PATH)/ClockApp2";
			};
			name = Debug;
		};
		DA7817D62990AF970012D47A /* Release */ = {
			isa = XCBuildConfiguration;
			buildSettings = {
				ALWAYS_EMBED_SWIFT_STANDARD_LIBRARIES = YES;
				BUNDLE_LOADER = "$(TEST_HOST)";
				CODE_SIGN_STYLE = Automatic;
				CURRENT_PROJECT_VERSION = 1;
				GENERATE_INFOPLIST_FILE = YES;
				IPHONEOS_DEPLOYMENT_TARGET = 16.2;
				MARKETING_VERSION = 1.0;
				PRODUCT_BUNDLE_IDENTIFIER = nicole.ClockApp2Tests;
				PRODUCT_NAME = "$(TARGET_NAME)";
				SWIFT_EMIT_LOC_STRINGS = NO;
				SWIFT_VERSION = 5.0;
				TARGETED_DEVICE_FAMILY = "1,2";
				TEST_HOST = "$(BUILT_PRODUCTS_DIR)/ClockApp2.app/$(BUNDLE_EXECUTABLE_FOLDER_PATH)/ClockApp2";
			};
			name = Release;
		};
		DA7817D82990AF970012D47A /* Debug */ = {
			isa = XCBuildConfiguration;
			buildSettings = {
				ALWAYS_EMBED_SWIFT_STANDARD_LIBRARIES = YES;
				CODE_SIGN_STYLE = Automatic;
				CURRENT_PROJECT_VERSION = 1;
				GENERATE_INFOPLIST_FILE = YES;
				MARKETING_VERSION = 1.0;
				PRODUCT_BUNDLE_IDENTIFIER = nicole.ClockApp2UITests;
				PRODUCT_NAME = "$(TARGET_NAME)";
				SWIFT_EMIT_LOC_STRINGS = NO;
				SWIFT_VERSION = 5.0;
				TARGETED_DEVICE_FAMILY = "1,2";
				TEST_TARGET_NAME = ClockApp2;
			};
			name = Debug;
		};
		DA7817D92990AF970012D47A /* Release */ = {
			isa = XCBuildConfiguration;
			buildSettings = {
				ALWAYS_EMBED_SWIFT_STANDARD_LIBRARIES = YES;
				CODE_SIGN_STYLE = Automatic;
				CURRENT_PROJECT_VERSION = 1;
				GENERATE_INFOPLIST_FILE = YES;
				MARKETING_VERSION = 1.0;
				PRODUCT_BUNDLE_IDENTIFIER = nicole.ClockApp2UITests;
				PRODUCT_NAME = "$(TARGET_NAME)";
				SWIFT_EMIT_LOC_STRINGS = NO;
				SWIFT_VERSION = 5.0;
				TARGETED_DEVICE_FAMILY = "1,2";
				TEST_TARGET_NAME = ClockApp2;
			};
			name = Release;
		};
/* End XCBuildConfiguration section */

/* Begin XCConfigurationList section */
		DA7817A22990AF940012D47A /* Build configuration list for PBXProject "ClockApp2" */ = {
			isa = XCConfigurationList;
			buildConfigurations = (
				DA7817CF2990AF970012D47A /* Debug */,
				DA7817D02990AF970012D47A /* Release */,
			);
			defaultConfigurationIsVisible = 0;
			defaultConfigurationName = Release;
		};
		DA7817D12990AF970012D47A /* Build configuration list for PBXNativeTarget "ClockApp2" */ = {
			isa = XCConfigurationList;
			buildConfigurations = (
				DA7817D22990AF970012D47A /* Debug */,
				DA7817D32990AF970012D47A /* Release */,
			);
			defaultConfigurationIsVisible = 0;
			defaultConfigurationName = Release;
		};
		DA7817D42990AF970012D47A /* Build configuration list for PBXNativeTarget "ClockApp2Tests" */ = {
			isa = XCConfigurationList;
			buildConfigurations = (
				DA7817D52990AF970012D47A /* Debug */,
				DA7817D62990AF970012D47A /* Release */,
			);
			defaultConfigurationIsVisible = 0;
			defaultConfigurationName = Release;
		};
		DA7817D72990AF970012D47A /* Build configuration list for PBXNativeTarget "ClockApp2UITests" */ = {
			isa = XCConfigurationList;
			buildConfigurations = (
				DA7817D82990AF970012D47A /* Debug */,
				DA7817D92990AF970012D47A /* Release */,
			);
			defaultConfigurationIsVisible = 0;
			defaultConfigurationName = Release;
		};
/* End XCConfigurationList section */
	};
	rootObject = DA78179F2990AF940012D47A /* Project object */;
}
