// !$*UTF8*$!
{
	archiveVersion = 1;
	classes = {
	};
	objectVersion = 56;
	objects = {

/* Begin PBXBuildFile section */
		DA7817E72990C50D0012D47A /* AppDelegate.swift in Sources */ = {isa = PBXBuildFile; fileRef = DA7817E62990C50D0012D47A /* AppDelegate.swift */; };
		DA7817E92990C50D0012D47A /* SceneDelegate.swift in Sources */ = {isa = PBXBuildFile; fileRef = DA7817E82990C50D0012D47A /* SceneDelegate.swift */; };
		DA7817EB2990C50D0012D47A /* ViewController.swift in Sources */ = {isa = PBXBuildFile; fileRef = DA7817EA2990C50D0012D47A /* ViewController.swift */; };
		DA7817EE2990C50D0012D47A /* Main.storyboard in Resources */ = {isa = PBXBuildFile; fileRef = DA7817EC2990C50D0012D47A /* Main.storyboard */; };
		DA7817F02990C50E0012D47A /* Assets.xcassets in Resources */ = {isa = PBXBuildFile; fileRef = DA7817EF2990C50E0012D47A /* Assets.xcassets */; };
		DA7817F32990C50E0012D47A /* LaunchScreen.storyboard in Resources */ = {isa = PBXBuildFile; fileRef = DA7817F12990C50E0012D47A /* LaunchScreen.storyboard */; };
		DA7817FE2990C50E0012D47A /* Clock3Tests.swift in Sources */ = {isa = PBXBuildFile; fileRef = DA7817FD2990C50E0012D47A /* Clock3Tests.swift */; };
		DA7818082990C50E0012D47A /* Clock3UITests.swift in Sources */ = {isa = PBXBuildFile; fileRef = DA7818072990C50E0012D47A /* Clock3UITests.swift */; };
		DA78180A2990C50E0012D47A /* Clock3UITestsLaunchTests.swift in Sources */ = {isa = PBXBuildFile; fileRef = DA7818092990C50E0012D47A /* Clock3UITestsLaunchTests.swift */; };
/* End PBXBuildFile section */

/* Begin PBXContainerItemProxy section */
		DA7817FA2990C50E0012D47A /* PBXContainerItemProxy */ = {
			isa = PBXContainerItemProxy;
			containerPortal = DA7817DB2990C50D0012D47A /* Project object */;
			proxyType = 1;
			remoteGlobalIDString = DA7817E22990C50D0012D47A;
			remoteInfo = Clock3;
		};
		DA7818042990C50E0012D47A /* PBXContainerItemProxy */ = {
			isa = PBXContainerItemProxy;
			containerPortal = DA7817DB2990C50D0012D47A /* Project object */;
			proxyType = 1;
			remoteGlobalIDString = DA7817E22990C50D0012D47A;
			remoteInfo = Clock3;
		};
/* End PBXContainerItemProxy section */

/* Begin PBXFileReference section */
		DA7817E32990C50D0012D47A /* Clock3.app */ = {isa = PBXFileReference; explicitFileType = wrapper.application; includeInIndex = 0; path = Clock3.app; sourceTree = BUILT_PRODUCTS_DIR; };
		DA7817E62990C50D0012D47A /* AppDelegate.swift */ = {isa = PBXFileReference; lastKnownFileType = sourcecode.swift; path = AppDelegate.swift; sourceTree = "<group>"; };
		DA7817E82990C50D0012D47A /* SceneDelegate.swift */ = {isa = PBXFileReference; lastKnownFileType = sourcecode.swift; path = SceneDelegate.swift; sourceTree = "<group>"; };
		DA7817EA2990C50D0012D47A /* ViewController.swift */ = {isa = PBXFileReference; lastKnownFileType = sourcecode.swift; path = ViewController.swift; sourceTree = "<group>"; };
		DA7817ED2990C50D0012D47A /* Base */ = {isa = PBXFileReference; lastKnownFileType = file.storyboard; name = Base; path = Base.lproj/Main.storyboard; sourceTree = "<group>"; };
		DA7817EF2990C50E0012D47A /* Assets.xcassets */ = {isa = PBXFileReference; lastKnownFileType = folder.assetcatalog; path = Assets.xcassets; sourceTree = "<group>"; };
		DA7817F22990C50E0012D47A /* Base */ = {isa = PBXFileReference; lastKnownFileType = file.storyboard; name = Base; path = Base.lproj/LaunchScreen.storyboard; sourceTree = "<group>"; };
		DA7817F42990C50E0012D47A /* Info.plist */ = {isa = PBXFileReference; lastKnownFileType = text.plist.xml; path = Info.plist; sourceTree = "<group>"; };
		DA7817F92990C50E0012D47A /* Clock3Tests.xctest */ = {isa = PBXFileReference; explicitFileType = wrapper.cfbundle; includeInIndex = 0; path = Clock3Tests.xctest; sourceTree = BUILT_PRODUCTS_DIR; };
		DA7817FD2990C50E0012D47A /* Clock3Tests.swift */ = {isa = PBXFileReference; lastKnownFileType = sourcecode.swift; path = Clock3Tests.swift; sourceTree = "<group>"; };
		DA7818032990C50E0012D47A /* Clock3UITests.xctest */ = {isa = PBXFileReference; explicitFileType = wrapper.cfbundle; includeInIndex = 0; path = Clock3UITests.xctest; sourceTree = BUILT_PRODUCTS_DIR; };
		DA7818072990C50E0012D47A /* Clock3UITests.swift */ = {isa = PBXFileReference; lastKnownFileType = sourcecode.swift; path = Clock3UITests.swift; sourceTree = "<group>"; };
		DA7818092990C50E0012D47A /* Clock3UITestsLaunchTests.swift */ = {isa = PBXFileReference; lastKnownFileType = sourcecode.swift; path = Clock3UITestsLaunchTests.swift; sourceTree = "<group>"; };
/* End PBXFileReference section */

/* Begin PBXFrameworksBuildPhase section */
		DA7817E02990C50D0012D47A /* Frameworks */ = {
			isa = PBXFrameworksBuildPhase;
			buildActionMask = 2147483647;
			files = (
			);
			runOnlyForDeploymentPostprocessing = 0;
		};
		DA7817F62990C50E0012D47A /* Frameworks */ = {
			isa = PBXFrameworksBuildPhase;
			buildActionMask = 2147483647;
			files = (
			);
			runOnlyForDeploymentPostprocessing = 0;
		};
		DA7818002990C50E0012D47A /* Frameworks */ = {
			isa = PBXFrameworksBuildPhase;
			buildActionMask = 2147483647;
			files = (
			);
			runOnlyForDeploymentPostprocessing = 0;
		};
/* End PBXFrameworksBuildPhase section */

/* Begin PBXGroup section */
		DA7817DA2990C50D0012D47A = {
			isa = PBXGroup;
			children = (
				DA7817E52990C50D0012D47A /* Clock3 */,
				DA7817FC2990C50E0012D47A /* Clock3Tests */,
				DA7818062990C50E0012D47A /* Clock3UITests */,
				DA7817E42990C50D0012D47A /* Products */,
			);
			sourceTree = "<group>";
		};
		DA7817E42990C50D0012D47A /* Products */ = {
			isa = PBXGroup;
			children = (
				DA7817E32990C50D0012D47A /* Clock3.app */,
				DA7817F92990C50E0012D47A /* Clock3Tests.xctest */,
				DA7818032990C50E0012D47A /* Clock3UITests.xctest */,
			);
			name = Products;
			sourceTree = "<group>";
		};
		DA7817E52990C50D0012D47A /* Clock3 */ = {
			isa = PBXGroup;
			children = (
				DA7817E62990C50D0012D47A /* AppDelegate.swift */,
				DA7817E82990C50D0012D47A /* SceneDelegate.swift */,
				DA7817EA2990C50D0012D47A /* ViewController.swift */,
				DA7817EC2990C50D0012D47A /* Main.storyboard */,
				DA7817EF2990C50E0012D47A /* Assets.xcassets */,
				DA7817F12990C50E0012D47A /* LaunchScreen.storyboard */,
				DA7817F42990C50E0012D47A /* Info.plist */,
			);
			path = Clock3;
			sourceTree = "<group>";
		};
		DA7817FC2990C50E0012D47A /* Clock3Tests */ = {
			isa = PBXGroup;
			children = (
				DA7817FD2990C50E0012D47A /* Clock3Tests.swift */,
			);
			path = Clock3Tests;
			sourceTree = "<group>";
		};
		DA7818062990C50E0012D47A /* Clock3UITests */ = {
			isa = PBXGroup;
			children = (
				DA7818072990C50E0012D47A /* Clock3UITests.swift */,
				DA7818092990C50E0012D47A /* Clock3UITestsLaunchTests.swift */,
			);
			path = Clock3UITests;
			sourceTree = "<group>";
		};
/* End PBXGroup section */

/* Begin PBXNativeTarget section */
		DA7817E22990C50D0012D47A /* Clock3 */ = {
			isa = PBXNativeTarget;
			buildConfigurationList = DA78180D2990C50E0012D47A /* Build configuration list for PBXNativeTarget "Clock3" */;
			buildPhases = (
				DA7817DF2990C50D0012D47A /* Sources */,
				DA7817E02990C50D0012D47A /* Frameworks */,
				DA7817E12990C50D0012D47A /* Resources */,
			);
			buildRules = (
			);
			dependencies = (
			);
			name = Clock3;
			productName = Clock3;
			productReference = DA7817E32990C50D0012D47A /* Clock3.app */;
			productType = "com.apple.product-type.application";
		};
		DA7817F82990C50E0012D47A /* Clock3Tests */ = {
			isa = PBXNativeTarget;
			buildConfigurationList = DA7818102990C50E0012D47A /* Build configuration list for PBXNativeTarget "Clock3Tests" */;
			buildPhases = (
				DA7817F52990C50E0012D47A /* Sources */,
				DA7817F62990C50E0012D47A /* Frameworks */,
				DA7817F72990C50E0012D47A /* Resources */,
			);
			buildRules = (
			);
			dependencies = (
				DA7817FB2990C50E0012D47A /* PBXTargetDependency */,
			);
			name = Clock3Tests;
			productName = Clock3Tests;
			productReference = DA7817F92990C50E0012D47A /* Clock3Tests.xctest */;
			productType = "com.apple.product-type.bundle.unit-test";
		};
		DA7818022990C50E0012D47A /* Clock3UITests */ = {
			isa = PBXNativeTarget;
			buildConfigurationList = DA7818132990C50E0012D47A /* Build configuration list for PBXNativeTarget "Clock3UITests" */;
			buildPhases = (
				DA7817FF2990C50E0012D47A /* Sources */,
				DA7818002990C50E0012D47A /* Frameworks */,
				DA7818012990C50E0012D47A /* Resources */,
			);
			buildRules = (
			);
			dependencies = (
				DA7818052990C50E0012D47A /* PBXTargetDependency */,
			);
			name = Clock3UITests;
			productName = Clock3UITests;
			productReference = DA7818032990C50E0012D47A /* Clock3UITests.xctest */;
			productType = "com.apple.product-type.bundle.ui-testing";
		};
/* End PBXNativeTarget section */

/* Begin PBXProject section */
		DA7817DB2990C50D0012D47A /* Project object */ = {
			isa = PBXProject;
			attributes = {
				BuildIndependentTargetsInParallel = 1;
				LastSwiftUpdateCheck = 1420;
				LastUpgradeCheck = 1420;
				TargetAttributes = {
					DA7817E22990C50D0012D47A = {
						CreatedOnToolsVersion = 14.2;
					};
					DA7817F82990C50E0012D47A = {
						CreatedOnToolsVersion = 14.2;
						TestTargetID = DA7817E22990C50D0012D47A;
					};
					DA7818022990C50E0012D47A = {
						CreatedOnToolsVersion = 14.2;
						TestTargetID = DA7817E22990C50D0012D47A;
					};
				};
			};
			buildConfigurationList = DA7817DE2990C50D0012D47A /* Build configuration list for PBXProject "Clock3" */;
			compatibilityVersion = "Xcode 14.0";
			developmentRegion = en;
			hasScannedForEncodings = 0;
			knownRegions = (
				en,
				Base,
			);
			mainGroup = DA7817DA2990C50D0012D47A;
			productRefGroup = DA7817E42990C50D0012D47A /* Products */;
			projectDirPath = "";
			projectRoot = "";
			targets = (
				DA7817E22990C50D0012D47A /* Clock3 */,
				DA7817F82990C50E0012D47A /* Clock3Tests */,
				DA7818022990C50E0012D47A /* Clock3UITests */,
			);
		};
/* End PBXProject section */

/* Begin PBXResourcesBuildPhase section */
		DA7817E12990C50D0012D47A /* Resources */ = {
			isa = PBXResourcesBuildPhase;
			buildActionMask = 2147483647;
			files = (
				DA7817F32990C50E0012D47A /* LaunchScreen.storyboard in Resources */,
				DA7817F02990C50E0012D47A /* Assets.xcassets in Resources */,
				DA7817EE2990C50D0012D47A /* Main.storyboard in Resources */,
			);
			runOnlyForDeploymentPostprocessing = 0;
		};
		DA7817F72990C50E0012D47A /* Resources */ = {
			isa = PBXResourcesBuildPhase;
			buildActionMask = 2147483647;
			files = (
			);
			runOnlyForDeploymentPostprocessing = 0;
		};
		DA7818012990C50E0012D47A /* Resources */ = {
			isa = PBXResourcesBuildPhase;
			buildActionMask = 2147483647;
			files = (
			);
			runOnlyForDeploymentPostprocessing = 0;
		};
/* End PBXResourcesBuildPhase section */

/* Begin PBXSourcesBuildPhase section */
		DA7817DF2990C50D0012D47A /* Sources */ = {
			isa = PBXSourcesBuildPhase;
			buildActionMask = 2147483647;
			files = (
				DA7817EB2990C50D0012D47A /* ViewController.swift in Sources */,
				DA7817E72990C50D0012D47A /* AppDelegate.swift in Sources */,
				DA7817E92990C50D0012D47A /* SceneDelegate.swift in Sources */,
			);
			runOnlyForDeploymentPostprocessing = 0;
		};
		DA7817F52990C50E0012D47A /* Sources */ = {
			isa = PBXSourcesBuildPhase;
			buildActionMask = 2147483647;
			files = (
				DA7817FE2990C50E0012D47A /* Clock3Tests.swift in Sources */,
			);
			runOnlyForDeploymentPostprocessing = 0;
		};
		DA7817FF2990C50E0012D47A /* Sources */ = {
			isa = PBXSourcesBuildPhase;
			buildActionMask = 2147483647;
			files = (
				DA7818082990C50E0012D47A /* Clock3UITests.swift in Sources */,
				DA78180A2990C50E0012D47A /* Clock3UITestsLaunchTests.swift in Sources */,
			);
			runOnlyForDeploymentPostprocessing = 0;
		};
/* End PBXSourcesBuildPhase section */

/* Begin PBXTargetDependency section */
		DA7817FB2990C50E0012D47A /* PBXTargetDependency */ = {
			isa = PBXTargetDependency;
			target = DA7817E22990C50D0012D47A /* Clock3 */;
			targetProxy = DA7817FA2990C50E0012D47A /* PBXContainerItemProxy */;
		};
		DA7818052990C50E0012D47A /* PBXTargetDependency */ = {
			isa = PBXTargetDependency;
			target = DA7817E22990C50D0012D47A /* Clock3 */;
			targetProxy = DA7818042990C50E0012D47A /* PBXContainerItemProxy */;
		};
/* End PBXTargetDependency section */

/* Begin PBXVariantGroup section */
		DA7817EC2990C50D0012D47A /* Main.storyboard */ = {
			isa = PBXVariantGroup;
			children = (
				DA7817ED2990C50D0012D47A /* Base */,
			);
			name = Main.storyboard;
			sourceTree = "<group>";
		};
		DA7817F12990C50E0012D47A /* LaunchScreen.storyboard */ = {
			isa = PBXVariantGroup;
			children = (
				DA7817F22990C50E0012D47A /* Base */,
			);
			name = LaunchScreen.storyboard;
			sourceTree = "<group>";
		};
/* End PBXVariantGroup section */

/* Begin XCBuildConfiguration section */
		DA78180B2990C50E0012D47A /* Debug */ = {
			isa = XCBuildConfiguration;
			buildSettings = {
				ALWAYS_SEARCH_USER_PATHS = NO;
				CLANG_ANALYZER_NONNULL = YES;
				CLANG_ANALYZER_NUMBER_OBJECT_CONVERSION = YES_AGGRESSIVE;
				CLANG_CXX_LANGUAGE_STANDARD = "gnu++20";
				CLANG_ENABLE_MODULES = YES;
				CLANG_ENABLE_OBJC_ARC = YES;
				CLANG_ENABLE_OBJC_WEAK = YES;
				CLANG_WARN_BLOCK_CAPTURE_AUTORELEASING = YES;
				CLANG_WARN_BOOL_CONVERSION = YES;
				CLANG_WARN_COMMA = YES;
				CLANG_WARN_CONSTANT_CONVERSION = YES;
				CLANG_WARN_DEPRECATED_OBJC_IMPLEMENTATIONS = YES;
				CLANG_WARN_DIRECT_OBJC_ISA_USAGE = YES_ERROR;
				CLANG_WARN_DOCUMENTATION_COMMENTS = YES;
				CLANG_WARN_EMPTY_BODY = YES;
				CLANG_WARN_ENUM_CONVERSION = YES;
				CLANG_WARN_INFINITE_RECURSION = YES;
				CLANG_WARN_INT_CONVERSION = YES;
				CLANG_WARN_NON_LITERAL_NULL_CONVERSION = YES;
				CLANG_WARN_OBJC_IMPLICIT_RETAIN_SELF = YES;
				CLANG_WARN_OBJC_LITERAL_CONVERSION = YES;
				CLANG_WARN_OBJC_ROOT_CLASS = YES_ERROR;
				CLANG_WARN_QUOTED_INCLUDE_IN_FRAMEWORK_HEADER = YES;
				CLANG_WARN_RANGE_LOOP_ANALYSIS = YES;
				CLANG_WARN_STRICT_PROTOTYPES = YES;
				CLANG_WARN_SUSPICIOUS_MOVE = YES;
				CLANG_WARN_UNGUARDED_AVAILABILITY = YES_AGGRESSIVE;
				CLANG_WARN_UNREACHABLE_CODE = YES;
				CLANG_WARN__DUPLICATE_METHOD_MATCH = YES;
				COPY_PHASE_STRIP = NO;
				DEBUG_INFORMATION_FORMAT = dwarf;
				ENABLE_STRICT_OBJC_MSGSEND = YES;
				ENABLE_TESTABILITY = YES;
				GCC_C_LANGUAGE_STANDARD = gnu11;
				GCC_DYNAMIC_NO_PIC = NO;
				GCC_NO_COMMON_BLOCKS = YES;
				GCC_OPTIMIZATION_LEVEL = 0;
				GCC_PREPROCESSOR_DEFINITIONS = (
					"DEBUG=1",
					"$(inherited)",
				);
				GCC_WARN_64_TO_32_BIT_CONVERSION = YES;
				GCC_WARN_ABOUT_RETURN_TYPE = YES_ERROR;
				GCC_WARN_UNDECLARED_SELECTOR = YES;
				GCC_WARN_UNINITIALIZED_AUTOS = YES_AGGRESSIVE;
				GCC_WARN_UNUSED_FUNCTION = YES;
				GCC_WARN_UNUSED_VARIABLE = YES;
				IPHONEOS_DEPLOYMENT_TARGET = 16.2;
				MTL_ENABLE_DEBUG_INFO = INCLUDE_SOURCE;
				MTL_FAST_MATH = YES;
				ONLY_ACTIVE_ARCH = YES;
				SDKROOT = iphoneos;
				SWIFT_ACTIVE_COMPILATION_CONDITIONS = DEBUG;
				SWIFT_OPTIMIZATION_LEVEL = "-Onone";
			};
			name = Debug;
		};
		DA78180C2990C50E0012D47A /* Release */ = {
			isa = XCBuildConfiguration;
			buildSettings = {
				ALWAYS_SEARCH_USER_PATHS = NO;
				CLANG_ANALYZER_NONNULL = YES;
				CLANG_ANALYZER_NUMBER_OBJECT_CONVERSION = YES_AGGRESSIVE;
				CLANG_CXX_LANGUAGE_STANDARD = "gnu++20";
				CLANG_ENABLE_MODULES = YES;
				CLANG_ENABLE_OBJC_ARC = YES;
				CLANG_ENABLE_OBJC_WEAK = YES;
				CLANG_WARN_BLOCK_CAPTURE_AUTORELEASING = YES;
				CLANG_WARN_BOOL_CONVERSION = YES;
				CLANG_WARN_COMMA = YES;
				CLANG_WARN_CONSTANT_CONVERSION = YES;
				CLANG_WARN_DEPRECATED_OBJC_IMPLEMENTATIONS = YES;
				CLANG_WARN_DIRECT_OBJC_ISA_USAGE = YES_ERROR;
				CLANG_WARN_DOCUMENTATION_COMMENTS = YES;
				CLANG_WARN_EMPTY_BODY = YES;
				CLANG_WARN_ENUM_CONVERSION = YES;
				CLANG_WARN_INFINITE_RECURSION = YES;
				CLANG_WARN_INT_CONVERSION = YES;
				CLANG_WARN_NON_LITERAL_NULL_CONVERSION = YES;
				CLANG_WARN_OBJC_IMPLICIT_RETAIN_SELF = YES;
				CLANG_WARN_OBJC_LITERAL_CONVERSION = YES;
				CLANG_WARN_OBJC_ROOT_CLASS = YES_ERROR;
				CLANG_WARN_QUOTED_INCLUDE_IN_FRAMEWORK_HEADER = YES;
				CLANG_WARN_RANGE_LOOP_ANALYSIS = YES;
				CLANG_WARN_STRICT_PROTOTYPES = YES;
				CLANG_WARN_SUSPICIOUS_MOVE = YES;
				CLANG_WARN_UNGUARDED_AVAILABILITY = YES_AGGRESSIVE;
				CLANG_WARN_UNREACHABLE_CODE = YES;
				CLANG_WARN__DUPLICATE_METHOD_MATCH = YES;
				COPY_PHASE_STRIP = NO;
				DEBUG_INFORMATION_FORMAT = "dwarf-with-dsym";
				ENABLE_NS_ASSERTIONS = NO;
				ENABLE_STRICT_OBJC_MSGSEND = YES;
				GCC_C_LANGUAGE_STANDARD = gnu11;
				GCC_NO_COMMON_BLOCKS = YES;
				GCC_WARN_64_TO_32_BIT_CONVERSION = YES;
				GCC_WARN_ABOUT_RETURN_TYPE = YES_ERROR;
				GCC_WARN_UNDECLARED_SELECTOR = YES;
				GCC_WARN_UNINITIALIZED_AUTOS = YES_AGGRESSIVE;
				GCC_WARN_UNUSED_FUNCTION = YES;
				GCC_WARN_UNUSED_VARIABLE = YES;
				IPHONEOS_DEPLOYMENT_TARGET = 16.2;
				MTL_ENABLE_DEBUG_INFO = NO;
				MTL_FAST_MATH = YES;
				SDKROOT = iphoneos;
				SWIFT_COMPILATION_MODE = wholemodule;
				SWIFT_OPTIMIZATION_LEVEL = "-O";
				VALIDATE_PRODUCT = YES;
			};
			name = Release;
		};
		DA78180E2990C50E0012D47A /* Debug */ = {
			isa = XCBuildConfiguration;
			buildSettings = {
				ASSETCATALOG_COMPILER_APPICON_NAME = AppIcon;
				ASSETCATALOG_COMPILER_GLOBAL_ACCENT_COLOR_NAME = AccentColor;
				CODE_SIGN_STYLE = Automatic;
				CURRENT_PROJECT_VERSION = 1;
				GENERATE_INFOPLIST_FILE = YES;
				INFOPLIST_FILE = Clock3/Info.plist;
				INFOPLIST_KEY_UIApplicationSupportsIndirectInputEvents = YES;
				INFOPLIST_KEY_UILaunchStoryboardName = LaunchScreen;
				INFOPLIST_KEY_UIMainStoryboardFile = Main;
				INFOPLIST_KEY_UISupportedInterfaceOrientations_iPad = "UIInterfaceOrientationPortrait UIInterfaceOrientationPortraitUpsideDown UIInterfaceOrientationLandscapeLeft UIInterfaceOrientationLandscapeRight";
				INFOPLIST_KEY_UISupportedInterfaceOrientations_iPhone = "UIInterfaceOrientationPortrait UIInterfaceOrientationLandscapeLeft UIInterfaceOrientationLandscapeRight";
				LD_RUNPATH_SEARCH_PATHS = (
					"$(inherited)",
					"@executable_path/Frameworks",
				);
				MARKETING_VERSION = 1.0;
				PRODUCT_BUNDLE_IDENTIFIER = nicole.Clock3;
				PRODUCT_NAME = "$(TARGET_NAME)";
				SWIFT_EMIT_LOC_STRINGS = YES;
				SWIFT_VERSION = 5.0;
				TARGETED_DEVICE_FAMILY = "1,2";
			};
			name = Debug;
		};
		DA78180F2990C50E0012D47A /* Release */ = {
			isa = XCBuildConfiguration;
			buildSettings = {
				ASSETCATALOG_COMPILER_APPICON_NAME = AppIcon;
				ASSETCATALOG_COMPILER_GLOBAL_ACCENT_COLOR_NAME = AccentColor;
				CODE_SIGN_STYLE = Automatic;
				CURRENT_PROJECT_VERSION = 1;
				GENERATE_INFOPLIST_FILE = YES;
				INFOPLIST_FILE = Clock3/Info.plist;
				INFOPLIST_KEY_UIApplicationSupportsIndirectInputEvents = YES;
				INFOPLIST_KEY_UILaunchStoryboardName = LaunchScreen;
				INFOPLIST_KEY_UIMainStoryboardFile = Main;
				INFOPLIST_KEY_UISupportedInterfaceOrientations_iPad = "UIInterfaceOrientationPortrait UIInterfaceOrientationPortraitUpsideDown UIInterfaceOrientationLandscapeLeft UIInterfaceOrientationLandscapeRight";
				INFOPLIST_KEY_UISupportedInterfaceOrientations_iPhone = "UIInterfaceOrientationPortrait UIInterfaceOrientationLandscapeLeft UIInterfaceOrientationLandscapeRight";
				LD_RUNPATH_SEARCH_PATHS = (
					"$(inherited)",
					"@executable_path/Frameworks",
				);
				MARKETING_VERSION = 1.0;
				PRODUCT_BUNDLE_IDENTIFIER = nicole.Clock3;
				PRODUCT_NAME = "$(TARGET_NAME)";
				SWIFT_EMIT_LOC_STRINGS = YES;
				SWIFT_VERSION = 5.0;
				TARGETED_DEVICE_FAMILY = "1,2";
			};
			name = Release;
		};
		DA7818112990C50E0012D47A /* Debug */ = {
			isa = XCBuildConfiguration;
			buildSettings = {
				ALWAYS_EMBED_SWIFT_STANDARD_LIBRARIES = YES;
				BUNDLE_LOADER = "$(TEST_HOST)";
				CODE_SIGN_STYLE = Automatic;
				CURRENT_PROJECT_VERSION = 1;
				GENERATE_INFOPLIST_FILE = YES;
				IPHONEOS_DEPLOYMENT_TARGET = 16.2;
				MARKETING_VERSION = 1.0;
				PRODUCT_BUNDLE_IDENTIFIER = nicole.Clock3Tests;
				PRODUCT_NAME = "$(TARGET_NAME)";
				SWIFT_EMIT_LOC_STRINGS = NO;
				SWIFT_VERSION = 5.0;
				TARGETED_DEVICE_FAMILY = "1,2";
				TEST_HOST = "$(BUILT_PRODUCTS_DIR)/Clock3.app/$(BUNDLE_EXECUTABLE_FOLDER_PATH)/Clock3";
			};
			name = Debug;
		};
		DA7818122990C50E0012D47A /* Release */ = {
			isa = XCBuildConfiguration;
			buildSettings = {
				ALWAYS_EMBED_SWIFT_STANDARD_LIBRARIES = YES;
				BUNDLE_LOADER = "$(TEST_HOST)";
				CODE_SIGN_STYLE = Automatic;
				CURRENT_PROJECT_VERSION = 1;
				GENERATE_INFOPLIST_FILE = YES;
				IPHONEOS_DEPLOYMENT_TARGET = 16.2;
				MARKETING_VERSION = 1.0;
				PRODUCT_BUNDLE_IDENTIFIER = nicole.Clock3Tests;
				PRODUCT_NAME = "$(TARGET_NAME)";
				SWIFT_EMIT_LOC_STRINGS = NO;
				SWIFT_VERSION = 5.0;
				TARGETED_DEVICE_FAMILY = "1,2";
				TEST_HOST = "$(BUILT_PRODUCTS_DIR)/Clock3.app/$(BUNDLE_EXECUTABLE_FOLDER_PATH)/Clock3";
			};
			name = Release;
		};
		DA7818142990C50E0012D47A /* Debug */ = {
			isa = XCBuildConfiguration;
			buildSettings = {
				ALWAYS_EMBED_SWIFT_STANDARD_LIBRARIES = YES;
				CODE_SIGN_STYLE = Automatic;
				CURRENT_PROJECT_VERSION = 1;
				GENERATE_INFOPLIST_FILE = YES;
				MARKETING_VERSION = 1.0;
				PRODUCT_BUNDLE_IDENTIFIER = nicole.Clock3UITests;
				PRODUCT_NAME = "$(TARGET_NAME)";
				SWIFT_EMIT_LOC_STRINGS = NO;
				SWIFT_VERSION = 5.0;
				TARGETED_DEVICE_FAMILY = "1,2";
				TEST_TARGET_NAME = Clock3;
			};
			name = Debug;
		};
		DA7818152990C50E0012D47A /* Release */ = {
			isa = XCBuildConfiguration;
			buildSettings = {
				ALWAYS_EMBED_SWIFT_STANDARD_LIBRARIES = YES;
				CODE_SIGN_STYLE = Automatic;
				CURRENT_PROJECT_VERSION = 1;
				GENERATE_INFOPLIST_FILE = YES;
				MARKETING_VERSION = 1.0;
				PRODUCT_BUNDLE_IDENTIFIER = nicole.Clock3UITests;
				PRODUCT_NAME = "$(TARGET_NAME)";
				SWIFT_EMIT_LOC_STRINGS = NO;
				SWIFT_VERSION = 5.0;
				TARGETED_DEVICE_FAMILY = "1,2";
				TEST_TARGET_NAME = Clock3;
			};
			name = Release;
		};
/* End XCBuildConfiguration section */

/* Begin XCConfigurationList section */
		DA7817DE2990C50D0012D47A /* Build configuration list for PBXProject "Clock3" */ = {
			isa = XCConfigurationList;
			buildConfigurations = (
				DA78180B2990C50E0012D47A /* Debug */,
				DA78180C2990C50E0012D47A /* Release */,
			);
			defaultConfigurationIsVisible = 0;
			defaultConfigurationName = Release;
		};
		DA78180D2990C50E0012D47A /* Build configuration list for PBXNativeTarget "Clock3" */ = {
			isa = XCConfigurationList;
			buildConfigurations = (
				DA78180E2990C50E0012D47A /* Debug */,
				DA78180F2990C50E0012D47A /* Release */,
			);
			defaultConfigurationIsVisible = 0;
			defaultConfigurationName = Release;
		};
		DA7818102990C50E0012D47A /* Build configuration list for PBXNativeTarget "Clock3Tests" */ = {
			isa = XCConfigurationList;
			buildConfigurations = (
				DA7818112990C50E0012D47A /* Debug */,
				DA7818122990C50E0012D47A /* Release */,
			);
			defaultConfigurationIsVisible = 0;
			defaultConfigurationName = Release;
		};
		DA7818132990C50E0012D47A /* Build configuration list for PBXNativeTarget "Clock3UITests" */ = {
			isa = XCConfigurationList;
			buildConfigurations = (
				DA7818142990C50E0012D47A /* Debug */,
				DA7818152990C50E0012D47A /* Release */,
			);
			defaultConfigurationIsVisible = 0;
			defaultConfigurationName = Release;
		};
/* End XCConfigurationList section */
	};
	rootObject = DA7817DB2990C50D0012D47A /* Project object */;
}
